
Microsoft Visual Studio Solution File, Format Version 12.00
# Visual Studio Version 17
VisualStudioVersion = 17.5.33209.295
MinimumVisualStudioVersion = 10.0.40219.1
Project("{FAE04EC0-301F-11D3-BF4B-00C04F79EFBC}") = "UniversityApp", "UniversityApp\UniversityApp.csproj", "{9E56F5AE-21A5-4EA7-BF1C-C3D60425A175}"
EndProject
Global
	GlobalSection(SolutionConfigurationPlatforms) = preSolution
		Debug|Any CPU = Debug|Any CPU
		Release|Any CPU = Release|Any CPU
	EndGlobalSection
	GlobalSection(ProjectConfigurationPlatforms) = postSolution
		{9E56F5AE-21A5-4EA7-BF1C-C3D60425A175}.Debug|Any CPU.ActiveCfg = Debug|Any CPU
		{9E56F5AE-21A5-4EA7-BF1C-C3D60425A175}.Debug|Any CPU.Build.0 = Debug|Any CPU
		{9E56F5AE-21A5-4EA7-BF1C-C3D60425A175}.Release|Any CPU.ActiveCfg = Release|Any CPU
		{9E56F5AE-21A5-4EA7-BF1C-C3D60425A175}.Release|Any CPU.Build.0 = Release|Any CPU
	EndGlobalSection
	GlobalSection(SolutionProperties) = preSolution
		HideSolutionNode = FALSE
	EndGlobalSection
	GlobalSection(ExtensibilityGlobals) = postSolution
		SolutionGuid = {4E37443C-6C1D-4F5B-AECA-C182E1CF09BA}
	EndGlobalSection
EndGlobal
